// !$*UTF8*$!
{
	archiveVersion = 1;
	classes = {
	};
	objectVersion = 50;
	objects = {

/* Begin PBXBuildFile section */
		23D03C7324F79AA000C01BEB /* AppDelegate.swift in Sources */ = {isa = PBXBuildFile; fileRef = 23D03C7224F79AA000C01BEB /* AppDelegate.swift */; };
		23D03C7524F79AA000C01BEB /* SceneDelegate.swift in Sources */ = {isa = PBXBuildFile; fileRef = 23D03C7424F79AA000C01BEB /* SceneDelegate.swift */; };
		23D03C7724F79AA000C01BEB /* ViewController.swift in Sources */ = {isa = PBXBuildFile; fileRef = 23D03C7624F79AA000C01BEB /* ViewController.swift */; };
		23D03C7A24F79AA000C01BEB /* Main.storyboard in Resources */ = {isa = PBXBuildFile; fileRef = 23D03C7824F79AA000C01BEB /* Main.storyboard */; };
		23D03C7C24F79AA100C01BEB /* Assets.xcassets in Resources */ = {isa = PBXBuildFile; fileRef = 23D03C7B24F79AA100C01BEB /* Assets.xcassets */; };
		23D03C7F24F79AA100C01BEB /* LaunchScreen.storyboard in Resources */ = {isa = PBXBuildFile; fileRef = 23D03C7D24F79AA100C01BEB /* LaunchScreen.storyboard */; };
		23D03C8A24F79AA100C01BEB /* PopMenuTests.swift in Sources */ = {isa = PBXBuildFile; fileRef = 23D03C8924F79AA100C01BEB /* PopMenuTests.swift */; };
		23D03C9724F79ACA00C01BEB /* PopMenuView.swift in Sources */ = {isa = PBXBuildFile; fileRef = 23D03C9524F79ACA00C01BEB /* PopMenuView.swift */; };
		23D03C9824F79ACA00C01BEB /* PopContainerView.swift in Sources */ = {isa = PBXBuildFile; fileRef = 23D03C9624F79ACA00C01BEB /* PopContainerView.swift */; };
		23D03C9E24F7A37E00C01BEB /* Extension.swift in Sources */ = {isa = PBXBuildFile; fileRef = 23D03C9D24F7A37E00C01BEB /* Extension.swift */; };
/* End PBXBuildFile section */

/* Begin PBXContainerItemProxy section */
		23D03C8624F79AA100C01BEB /* PBXContainerItemProxy */ = {
			isa = PBXContainerItemProxy;
			containerPortal = 23D03C6724F79AA000C01BEB /* Project object */;
			proxyType = 1;
			remoteGlobalIDString = 23D03C6E24F79AA000C01BEB;
			remoteInfo = PopMenu;
		};
/* End PBXContainerItemProxy section */

/* Begin PBXFileReference section */
		23D03C6F24F79AA000C01BEB /* PopMenu.app */ = {isa = PBXFileReference; explicitFileType = wrapper.application; includeInIndex = 0; path = PopMenu.app; sourceTree = BUILT_PRODUCTS_DIR; };
		23D03C7224F79AA000C01BEB /* AppDelegate.swift */ = {isa = PBXFileReference; lastKnownFileType = sourcecode.swift; path = AppDelegate.swift; sourceTree = "<group>"; };
		23D03C7424F79AA000C01BEB /* SceneDelegate.swift */ = {isa = PBXFileReference; lastKnownFileType = sourcecode.swift; path = SceneDelegate.swift; sourceTree = "<group>"; };
		23D03C7624F79AA000C01BEB /* ViewController.swift */ = {isa = PBXFileReference; lastKnownFileType = sourcecode.swift; path = ViewController.swift; sourceTree = "<group>"; };
		23D03C7924F79AA000C01BEB /* Base */ = {isa = PBXFileReference; lastKnownFileType = file.storyboard; name = Base; path = Base.lproj/Main.storyboard; sourceTree = "<group>"; };
		23D03C7B24F79AA100C01BEB /* Assets.xcassets */ = {isa = PBXFileReference; lastKnownFileType = folder.assetcatalog; path = Assets.xcassets; sourceTree = "<group>"; };
		23D03C7E24F79AA100C01BEB /* Base */ = {isa = PBXFileReference; lastKnownFileType = file.storyboard; name = Base; path = Base.lproj/LaunchScreen.storyboard; sourceTree = "<group>"; };
		23D03C8024F79AA100C01BEB /* Info.plist */ = {isa = PBXFileReference; lastKnownFileType = text.plist.xml; path = Info.plist; sourceTree = "<group>"; };
		23D03C8524F79AA100C01BEB /* PopMenuTests.xctest */ = {isa = PBXFileReference; explicitFileType = wrapper.cfbundle; includeInIndex = 0; path = PopMenuTests.xctest; sourceTree = BUILT_PRODUCTS_DIR; };
		23D03C8924F79AA100C01BEB /* PopMenuTests.swift */ = {isa = PBXFileReference; lastKnownFileType = sourcecode.swift; path = PopMenuTests.swift; sourceTree = "<group>"; };
		23D03C8B24F79AA100C01BEB /* Info.plist */ = {isa = PBXFileReference; lastKnownFileType = text.plist.xml; path = Info.plist; sourceTree = "<group>"; };
		23D03C9524F79ACA00C01BEB /* PopMenuView.swift */ = {isa = PBXFileReference; fileEncoding = 4; lastKnownFileType = sourcecode.swift; path = PopMenuView.swift; sourceTree = "<group>"; };
		23D03C9624F79ACA00C01BEB /* PopContainerView.swift */ = {isa = PBXFileReference; fileEncoding = 4; lastKnownFileType = sourcecode.swift; path = PopContainerView.swift; sourceTree = "<group>"; };
		23D03C9D24F7A37E00C01BEB /* Extension.swift */ = {isa = PBXFileReference; lastKnownFileType = sourcecode.swift; path = Extension.swift; sourceTree = "<group>"; };
/* End PBXFileReference section */

/* Begin PBXFrameworksBuildPhase section */
		23D03C6C24F79AA000C01BEB /* Frameworks */ = {
			isa = PBXFrameworksBuildPhase;
			buildActionMask = 2147483647;
			files = (
			);
			runOnlyForDeploymentPostprocessing = 0;
		};
		23D03C8224F79AA100C01BEB /* Frameworks */ = {
			isa = PBXFrameworksBuildPhase;
			buildActionMask = 2147483647;
			files = (
			);
			runOnlyForDeploymentPostprocessing = 0;
		};
/* End PBXFrameworksBuildPhase section */

/* Begin PBXGroup section */
		23D03C6624F79AA000C01BEB = {
			isa = PBXGroup;
			children = (
				23D03C7124F79AA000C01BEB /* PopMenu */,
				23D03C8824F79AA100C01BEB /* PopMenuTests */,
				23D03C7024F79AA000C01BEB /* Products */,
			);
			sourceTree = "<group>";
		};
		23D03C7024F79AA000C01BEB /* Products */ = {
			isa = PBXGroup;
			children = (
				23D03C6F24F79AA000C01BEB /* PopMenu.app */,
				23D03C8524F79AA100C01BEB /* PopMenuTests.xctest */,
			);
			name = Products;
			sourceTree = "<group>";
		};
		23D03C7124F79AA000C01BEB /* PopMenu */ = {
			isa = PBXGroup;
			children = (
				23D03C9424F79ACA00C01BEB /* Source */,
				23D03C7224F79AA000C01BEB /* AppDelegate.swift */,
				23D03C7424F79AA000C01BEB /* SceneDelegate.swift */,
				23D03C7624F79AA000C01BEB /* ViewController.swift */,
				23D03C7824F79AA000C01BEB /* Main.storyboard */,
				23D03C7B24F79AA100C01BEB /* Assets.xcassets */,
				23D03C7D24F79AA100C01BEB /* LaunchScreen.storyboard */,
				23D03C8024F79AA100C01BEB /* Info.plist */,
			);
			path = PopMenu;
			sourceTree = "<group>";
		};
		23D03C8824F79AA100C01BEB /* PopMenuTests */ = {
			isa = PBXGroup;
			children = (
				23D03C8924F79AA100C01BEB /* PopMenuTests.swift */,
				23D03C8B24F79AA100C01BEB /* Info.plist */,
			);
			path = PopMenuTests;
			sourceTree = "<group>";
		};
		23D03C9424F79ACA00C01BEB /* Source */ = {
			isa = PBXGroup;
			children = (
				23D03C9524F79ACA00C01BEB /* PopMenuView.swift */,
				23D03C9624F79ACA00C01BEB /* PopContainerView.swift */,
				23D03C9D24F7A37E00C01BEB /* Extension.swift */,
			);
			path = Source;
			sourceTree = SOURCE_ROOT;
		};
/* End PBXGroup section */

/* Begin PBXNativeTarget section */
		23D03C6E24F79AA000C01BEB /* PopMenu */ = {
			isa = PBXNativeTarget;
			buildConfigurationList = 23D03C8E24F79AA100C01BEB /* Build configuration list for PBXNativeTarget "PopMenu" */;
			buildPhases = (
				23D03C6B24F79AA000C01BEB /* Sources */,
				23D03C6C24F79AA000C01BEB /* Frameworks */,
				23D03C6D24F79AA000C01BEB /* Resources */,
			);
			buildRules = (
			);
			dependencies = (
			);
			name = PopMenu;
			productName = PopMenu;
			productReference = 23D03C6F24F79AA000C01BEB /* PopMenu.app */;
			productType = "com.apple.product-type.application";
		};
		23D03C8424F79AA100C01BEB /* PopMenuTests */ = {
			isa = PBXNativeTarget;
			buildConfigurationList = 23D03C9124F79AA100C01BEB /* Build configuration list for PBXNativeTarget "PopMenuTests" */;
			buildPhases = (
				23D03C8124F79AA100C01BEB /* Sources */,
				23D03C8224F79AA100C01BEB /* Frameworks */,
				23D03C8324F79AA100C01BEB /* Resources */,
			);
			buildRules = (
			);
			dependencies = (
				23D03C8724F79AA100C01BEB /* PBXTargetDependency */,
			);
			name = PopMenuTests;
			productName = PopMenuTests;
			productReference = 23D03C8524F79AA100C01BEB /* PopMenuTests.xctest */;
			productType = "com.apple.product-type.bundle.unit-test";
		};
/* End PBXNativeTarget section */

/* Begin PBXProject section */
		23D03C6724F79AA000C01BEB /* Project object */ = {
			isa = PBXProject;
			attributes = {
				LastSwiftUpdateCheck = 1130;
				LastUpgradeCheck = 1130;
				ORGANIZATIONNAME = com.liangliang;
				TargetAttributes = {
					23D03C6E24F79AA000C01BEB = {
						CreatedOnToolsVersion = 11.3.1;
					};
					23D03C8424F79AA100C01BEB = {
						CreatedOnToolsVersion = 11.3.1;
						TestTargetID = 23D03C6E24F79AA000C01BEB;
					};
				};
			};
			buildConfigurationList = 23D03C6A24F79AA000C01BEB /* Build configuration list for PBXProject "PopMenu" */;
			compatibilityVersion = "Xcode 9.3";
			developmentRegion = en;
			hasScannedForEncodings = 0;
			knownRegions = (
				en,
				Base,
			);
			mainGroup = 23D03C6624F79AA000C01BEB;
			productRefGroup = 23D03C7024F79AA000C01BEB /* Products */;
			projectDirPath = "";
			projectRoot = "";
			targets = (
				23D03C6E24F79AA000C01BEB /* PopMenu */,
				23D03C8424F79AA100C01BEB /* PopMenuTests */,
			);
		};
/* End PBXProject section */

/* Begin PBXResourcesBuildPhase section */
		23D03C6D24F79AA000C01BEB /* Resources */ = {
			isa = PBXResourcesBuildPhase;
			buildActionMask = 2147483647;
			files = (
				23D03C7F24F79AA100C01BEB /* LaunchScreen.storyboard in Resources */,
				23D03C7C24F79AA100C01BEB /* Assets.xcassets in Resources */,
				23D03C7A24F79AA000C01BEB /* Main.storyboard in Resources */,
			);
			runOnlyForDeploymentPostprocessing = 0;
		};
		23D03C8324F79AA100C01BEB /* Resources */ = {
			isa = PBXResourcesBuildPhase;
			buildActionMask = 2147483647;
			files = (
			);
			runOnlyForDeploymentPostprocessing = 0;
		};
/* End PBXResourcesBuildPhase section */

/* Begin PBXSourcesBuildPhase section */
		23D03C6B24F79AA000C01BEB /* Sources */ = {
			isa = PBXSourcesBuildPhase;
			buildActionMask = 2147483647;
			files = (
				23D03C7724F79AA000C01BEB /* ViewController.swift in Sources */,
				23D03C7324F79AA000C01BEB /* AppDelegate.swift in Sources */,
				23D03C9824F79ACA00C01BEB /* PopContainerView.swift in Sources */,
				23D03C7524F79AA000C01BEB /* SceneDelegate.swift in Sources */,
				23D03C9724F79ACA00C01BEB /* PopMenuView.swift in Sources */,
				23D03C9E24F7A37E00C01BEB /* Extension.swift in Sources */,
			);
			runOnlyForDeploymentPostprocessing = 0;
		};
		23D03C8124F79AA100C01BEB /* Sources */ = {
			isa = PBXSourcesBuildPhase;
			buildActionMask = 2147483647;
			files = (
				23D03C8A24F79AA100C01BEB /* PopMenuTests.swift in Sources */,
			);
			runOnlyForDeploymentPostprocessing = 0;
		};
/* End PBXSourcesBuildPhase section */

/* Begin PBXTargetDependency section */
		23D03C8724F79AA100C01BEB /* PBXTargetDependency */ = {
			isa = PBXTargetDependency;
			target = 23D03C6E24F79AA000C01BEB /* PopMenu */;
			targetProxy = 23D03C8624F79AA100C01BEB /* PBXContainerItemProxy */;
		};
/* End PBXTargetDependency section */

/* Begin PBXVariantGroup section */
		23D03C7824F79AA000C01BEB /* Main.storyboard */ = {
			isa = PBXVariantGroup;
			children = (
				23D03C7924F79AA000C01BEB /* Base */,
			);
			name = Main.storyboard;
			sourceTree = "<group>";
		};
		23D03C7D24F79AA100C01BEB /* LaunchScreen.storyboard */ = {
			isa = PBXVariantGroup;
			children = (
				23D03C7E24F79AA100C01BEB /* Base */,
			);
			name = LaunchScreen.storyboard;
			sourceTree = "<group>";
		};
/* End PBXVariantGroup section */

/* Begin XCBuildConfiguration section */
		23D03C8C24F79AA100C01BEB /* Debug */ = {
			isa = XCBuildConfiguration;
			buildSettings = {
				ALWAYS_SEARCH_USER_PATHS = NO;
				CLANG_ANALYZER_NONNULL = YES;
				CLANG_ANALYZER_NUMBER_OBJECT_CONVERSION = YES_AGGRESSIVE;
				CLANG_CXX_LANGUAGE_STANDARD = "gnu++14";
				CLANG_CXX_LIBRARY = "libc++";
				CLANG_ENABLE_MODULES = YES;
				CLANG_ENABLE_OBJC_ARC = YES;
				CLANG_ENABLE_OBJC_WEAK = YES;
				CLANG_WARN_BLOCK_CAPTURE_AUTORELEASING = YES;
				CLANG_WARN_BOOL_CONVERSION = YES;
				CLANG_WARN_COMMA = YES;
				CLANG_WARN_CONSTANT_CONVERSION = YES;
				CLANG_WARN_DEPRECATED_OBJC_IMPLEMENTATIONS = YES;
				CLANG_WARN_DIRECT_OBJC_ISA_USAGE = YES_ERROR;
				CLANG_WARN_DOCUMENTATION_COMMENTS = YES;
				CLANG_WARN_EMPTY_BODY = YES;
				CLANG_WARN_ENUM_CONVERSION = YES;
				CLANG_WARN_INFINITE_RECURSION = YES;
				CLANG_WARN_INT_CONVERSION = YES;
				CLANG_WARN_NON_LITERAL_NULL_CONVERSION = YES;
				CLANG_WARN_OBJC_IMPLICIT_RETAIN_SELF = YES;
				CLANG_WARN_OBJC_LITERAL_CONVERSION = YES;
				CLANG_WARN_OBJC_ROOT_CLASS = YES_ERROR;
				CLANG_WARN_RANGE_LOOP_ANALYSIS = YES;
				CLANG_WARN_STRICT_PROTOTYPES = YES;
				CLANG_WARN_SUSPICIOUS_MOVE = YES;
				CLANG_WARN_UNGUARDED_AVAILABILITY = YES_AGGRESSIVE;
				CLANG_WARN_UNREACHABLE_CODE = YES;
				CLANG_WARN__DUPLICATE_METHOD_MATCH = YES;
				COPY_PHASE_STRIP = NO;
				DEBUG_INFORMATION_FORMAT = dwarf;
				ENABLE_STRICT_OBJC_MSGSEND = YES;
				ENABLE_TESTABILITY = YES;
				GCC_C_LANGUAGE_STANDARD = gnu11;
				GCC_DYNAMIC_NO_PIC = NO;
				GCC_NO_COMMON_BLOCKS = YES;
				GCC_OPTIMIZATION_LEVEL = 0;
				GCC_PREPROCESSOR_DEFINITIONS = (
					"DEBUG=1",
					"$(inherited)",
				);
				GCC_WARN_64_TO_32_BIT_CONVERSION = YES;
				GCC_WARN_ABOUT_RETURN_TYPE = YES_ERROR;
				GCC_WARN_UNDECLARED_SELECTOR = YES;
				GCC_WARN_UNINITIALIZED_AUTOS = YES_AGGRESSIVE;
				GCC_WARN_UNUSED_FUNCTION = YES;
				GCC_WARN_UNUSED_VARIABLE = YES;
				IPHONEOS_DEPLOYMENT_TARGET = 13.2;
				MTL_ENABLE_DEBUG_INFO = INCLUDE_SOURCE;
				MTL_FAST_MATH = YES;
				ONLY_ACTIVE_ARCH = YES;
				SDKROOT = iphoneos;
				SWIFT_ACTIVE_COMPILATION_CONDITIONS = DEBUG;
				SWIFT_OPTIMIZATION_LEVEL = "-Onone";
			};
			name = Debug;
		};
		23D03C8D24F79AA100C01BEB /* Release */ = {
			isa = XCBuildConfiguration;
			buildSettings = {
				ALWAYS_SEARCH_USER_PATHS = NO;
				CLANG_ANALYZER_NONNULL = YES;
				CLANG_ANALYZER_NUMBER_OBJECT_CONVERSION = YES_AGGRESSIVE;
				CLANG_CXX_LANGUAGE_STANDARD = "gnu++14";
				CLANG_CXX_LIBRARY = "libc++";
				CLANG_ENABLE_MODULES = YES;
				CLANG_ENABLE_OBJC_ARC = YES;
				CLANG_ENABLE_OBJC_WEAK = YES;
				CLANG_WARN_BLOCK_CAPTURE_AUTORELEASING = YES;
				CLANG_WARN_BOOL_CONVERSION = YES;
				CLANG_WARN_COMMA = YES;
				CLANG_WARN_CONSTANT_CONVERSION = YES;
				CLANG_WARN_DEPRECATED_OBJC_IMPLEMENTATIONS = YES;
				CLANG_WARN_DIRECT_OBJC_ISA_USAGE = YES_ERROR;
				CLANG_WARN_DOCUMENTATION_COMMENTS = YES;
				CLANG_WARN_EMPTY_BODY = YES;
				CLANG_WARN_ENUM_CONVERSION = YES;
				CLANG_WARN_INFINITE_RECURSION = YES;
				CLANG_WARN_INT_CONVERSION = YES;
				CLANG_WARN_NON_LITERAL_NULL_CONVERSION = YES;
				CLANG_WARN_OBJC_IMPLICIT_RETAIN_SELF = YES;
				CLANG_WARN_OBJC_LITERAL_CONVERSION = YES;
				CLANG_WARN_OBJC_ROOT_CLASS = YES_ERROR;
				CLANG_WARN_RANGE_LOOP_ANALYSIS = YES;
				CLANG_WARN_STRICT_PROTOTYPES = YES;
				CLANG_WARN_SUSPICIOUS_MOVE = YES;
				CLANG_WARN_UNGUARDED_AVAILABILITY = YES_AGGRESSIVE;
				CLANG_WARN_UNREACHABLE_CODE = YES;
				CLANG_WARN__DUPLICATE_METHOD_MATCH = YES;
				COPY_PHASE_STRIP = NO;
				DEBUG_INFORMATION_FORMAT = "dwarf-with-dsym";
				ENABLE_NS_ASSERTIONS = NO;
				ENABLE_STRICT_OBJC_MSGSEND = YES;
				GCC_C_LANGUAGE_STANDARD = gnu11;
				GCC_NO_COMMON_BLOCKS = YES;
				GCC_WARN_64_TO_32_BIT_CONVERSION = YES;
				GCC_WARN_ABOUT_RETURN_TYPE = YES_ERROR;
				GCC_WARN_UNDECLARED_SELECTOR = YES;
				GCC_WARN_UNINITIALIZED_AUTOS = YES_AGGRESSIVE;
				GCC_WARN_UNUSED_FUNCTION = YES;
				GCC_WARN_UNUSED_VARIABLE = YES;
				IPHONEOS_DEPLOYMENT_TARGET = 13.2;
				MTL_ENABLE_DEBUG_INFO = NO;
				MTL_FAST_MATH = YES;
				SDKROOT = iphoneos;
				SWIFT_COMPILATION_MODE = wholemodule;
				SWIFT_OPTIMIZATION_LEVEL = "-O";
				VALIDATE_PRODUCT = YES;
			};
			name = Release;
		};
		23D03C8F24F79AA100C01BEB /* Debug */ = {
			isa = XCBuildConfiguration;
			buildSettings = {
				ASSETCATALOG_COMPILER_APPICON_NAME = AppIcon;
				CODE_SIGN_STYLE = Automatic;
				DEVELOPMENT_TEAM = N9QAC9YPTV;
				INFOPLIST_FILE = PopMenu/Info.plist;
				LD_RUNPATH_SEARCH_PATHS = (
					"$(inherited)",
					"@executable_path/Frameworks",
				);
				PRODUCT_BUNDLE_IDENTIFIER = com.liangliang.PopMenu;
				PRODUCT_NAME = "$(TARGET_NAME)";
				SWIFT_VERSION = 5.0;
				TARGETED_DEVICE_FAMILY = "1,2";
			};
			name = Debug;
		};
		23D03C9024F79AA100C01BEB /* Release */ = {
			isa = XCBuildConfiguration;
			buildSettings = {
				ASSETCATALOG_COMPILER_APPICON_NAME = AppIcon;
				CODE_SIGN_STYLE = Automatic;
				DEVELOPMENT_TEAM = N9QAC9YPTV;
				INFOPLIST_FILE = PopMenu/Info.plist;
				LD_RUNPATH_SEARCH_PATHS = (
					"$(inherited)",
					"@executable_path/Frameworks",
				);
				PRODUCT_BUNDLE_IDENTIFIER = com.liangliang.PopMenu;
				PRODUCT_NAME = "$(TARGET_NAME)";
				SWIFT_VERSION = 5.0;
				TARGETED_DEVICE_FAMILY = "1,2";
			};
			name = Release;
		};
		23D03C9224F79AA100C01BEB /* Debug */ = {
			isa = XCBuildConfiguration;
			buildSettings = {
				ALWAYS_EMBED_SWIFT_STANDARD_LIBRARIES = YES;
				BUNDLE_LOADER = "$(TEST_HOST)";
				CODE_SIGN_STYLE = Automatic;
				DEVELOPMENT_TEAM = N9QAC9YPTV;
				INFOPLIST_FILE = PopMenuTests/Info.plist;
				IPHONEOS_DEPLOYMENT_TARGET = 13.2;
				LD_RUNPATH_SEARCH_PATHS = (
					"$(inherited)",
					"@executable_path/Frameworks",
					"@loader_path/Frameworks",
				);
				PRODUCT_BUNDLE_IDENTIFIER = com.liangliang.PopMenuTests;
				PRODUCT_NAME = "$(TARGET_NAME)";
				SWIFT_VERSION = 5.0;
				TARGETED_DEVICE_FAMILY = "1,2";
				TEST_HOST = "$(BUILT_PRODUCTS_DIR)/PopMenu.app/PopMenu";
			};
			name = Debug;
		};
		23D03C9324F79AA100C01BEB /* Release */ = {
			isa = XCBuildConfiguration;
			buildSettings = {
				ALWAYS_EMBED_SWIFT_STANDARD_LIBRARIES = YES;
				BUNDLE_LOADER = "$(TEST_HOST)";
				CODE_SIGN_STYLE = Automatic;
				DEVELOPMENT_TEAM = N9QAC9YPTV;
				INFOPLIST_FILE = PopMenuTests/Info.plist;
				IPHONEOS_DEPLOYMENT_TARGET = 13.2;
				LD_RUNPATH_SEARCH_PATHS = (
					"$(inherited)",
					"@executable_path/Frameworks",
					"@loader_path/Frameworks",
				);
				PRODUCT_BUNDLE_IDENTIFIER = com.liangliang.PopMenuTests;
				PRODUCT_NAME = "$(TARGET_NAME)";
				SWIFT_VERSION = 5.0;
				TARGETED_DEVICE_FAMILY = "1,2";
				TEST_HOST = "$(BUILT_PRODUCTS_DIR)/PopMenu.app/PopMenu";
			};
			name = Release;
		};
/* End XCBuildConfiguration section */

/* Begin XCConfigurationList section */
		23D03C6A24F79AA000C01BEB /* Build configuration list for PBXProject "PopMenu" */ = {
			isa = XCConfigurationList;
			buildConfigurations = (
				23D03C8C24F79AA100C01BEB /* Debug */,
				23D03C8D24F79AA100C01BEB /* Release */,
			);
			defaultConfigurationIsVisible = 0;
			defaultConfigurationName = Release;
		};
		23D03C8E24F79AA100C01BEB /* Build configuration list for PBXNativeTarget "PopMenu" */ = {
			isa = XCConfigurationList;
			buildConfigurations = (
				23D03C8F24F79AA100C01BEB /* Debug */,
				23D03C9024F79AA100C01BEB /* Release */,
			);
			defaultConfigurationIsVisible = 0;
			defaultConfigurationName = Release;
		};
		23D03C9124F79AA100C01BEB /* Build configuration list for PBXNativeTarget "PopMenuTests" */ = {
			isa = XCConfigurationList;
			buildConfigurations = (
				23D03C9224F79AA100C01BEB /* Debug */,
				23D03C9324F79AA100C01BEB /* Release */,
			);
			defaultConfigurationIsVisible = 0;
			defaultConfigurationName = Release;
		};
/* End XCConfigurationList section */
	};
	rootObject = 23D03C6724F79AA000C01BEB /* Project object */;
}
